
Microsoft Visual Studio Solution File, Format Version 12.00
# Visual Studio Version 17
VisualStudioVersion = 17.5.33530.505
MinimumVisualStudioVersion = 15.0.26124.0
Project("{9A19103F-16F7-4668-BE54-9A1E7A4F7556}") = "Rainbow.Platform.WebAPP", "Rainbow.Platform.WebAPP\Rainbow.Platform.WebAPP.csproj", "{4449634E-42FF-4E06-A55E-2A4FBD29369E}"
EndProject
Project("{9A19103F-16F7-4668-BE54-9A1E7A4F7556}") = "Rainbow.Common", "Rainbow.Common\Rainbow.Common.csproj", "{D6E65F5B-6FEF-4318-BC12-85FB431C7042}"
EndProject
Project("{9A19103F-16F7-4668-BE54-9A1E7A4F7556}") = "Rainbow.Data", "Rainbow.Data\Rainbow.Data.csproj", "{AD0BFF38-3CC5-488C-B788-406519228DE6}"
EndProject
Project("{9A19103F-16F7-4668-BE54-9A1E7A4F7556}") = "Rainbow.Models", "Rainbow.Models\Rainbow.Models.csproj", "{19150E34-6433-4CDC-BD79-864BC7CB2715}"
EndProject
Project("{9A19103F-16F7-4668-BE54-9A1E7A4F7556}") = "Rainbow.Services", "Rainbow.Services\Rainbow.Services.csproj", "{50AAEC28-749B-4891-8892-BBF7C6392C05}"
EndProject
Project("{9A19103F-16F7-4668-BE54-9A1E7A4F7556}") = "Rainbow.Services.Abstractions", "Rainbow.Services.Abstractions\Rainbow.Services.Abstractions.csproj", "{93B8F3B2-A268-4993-B199-B7E6BA110F10}"
EndProject
Project("{9A19103F-16F7-4668-BE54-9A1E7A4F7556}") = "Rainbow.ViewModels", "Rainbow.ViewModels\Rainbow.ViewModels.csproj", "{F7E452B2-056F-4271-BEA0-D406D2B077A9}"
EndProject
Project("{9A19103F-16F7-4668-BE54-9A1E7A4F7556}") = "Rainbow.EventHandlers", "Rainbow.EventHandlers\Rainbow.EventHandlers.csproj", "{FAFBB341-8695-45D5-9851-4AD34EF7108B}"
EndProject
Project("{9A19103F-16F7-4668-BE54-9A1E7A4F7556}") = "Rainbow.Events", "Rainbow.Events\Rainbow.Events.csproj", "{23A56DFE-82FE-4896-84B5-7B26D4C06E0F}"
EndProject
Project("{9A19103F-16F7-4668-BE54-9A1E7A4F7556}") = "Rainbow.Platform.Controllers", "Rainbow.Platform.Controllers\Rainbow.Platform.Controllers.csproj", "{74F1FA6F-1132-48F3-B478-877689620985}"
EndProject
Project("{2150E333-8FDC-42A3-9474-1A3956D46DE8}") = "Hosts", "Hosts", "{D85130B4-8AC8-4DAC-83E3-E3BBDC7DCE61}"
EndProject
Project("{2150E333-8FDC-42A3-9474-1A3956D46DE8}") = "TSGenerater", "TSGenerater", "{4FC89F8C-97B2-4AC5-B5B5-DFA7AF889282}"
EndProject
Project("{9A19103F-16F7-4668-BE54-9A1E7A4F7556}") = "TypeLite.Standard", "TypeLite.Standard\TypeLite.Standard.csproj", "{EC7AF649-A651-452F-9A9B-BFB4D38FBD86}"
EndProject
Project("{9A19103F-16F7-4668-BE54-9A1E7A4F7556}") = "Rainbow.TypeLiteConsoleApp", "Rainbow.TypeLiteConsoleApp\Rainbow.TypeLiteConsoleApp.csproj", "{2CC90343-9124-449D-AF48-096F1B4B21EF}"
EndProject
Project("{2150E333-8FDC-42A3-9474-1A3956D46DE8}") = "Events", "Events", "{819CD9D1-E6C2-462D-BE57-2B461EB876DF}"
EndProject
Project("{9A19103F-16F7-4668-BE54-9A1E7A4F7556}") = "Rainbow.TypeScript", "Rainbow.TypeScript\Rainbow.TypeScript.csproj", "{7DAD94F4-A7F4-4B1B-8D89-6C88B1414CDD}"
EndProject
Project("{9A19103F-16F7-4668-BE54-9A1E7A4F7556}") = "Rainbow.TypeScriptTests", "Rainbow.TypeScriptTests\Rainbow.TypeScriptTests.csproj", "{B6B29476-B1CB-4A60-B416-CBBAFCF01306}"
EndProject
Project("{9A19103F-16F7-4668-BE54-9A1E7A4F7556}") = "Rainbow.MP.WebAPI", "Rainbow.MP.WebAPI\Rainbow.MP.WebAPI.csproj", "{D232E074-C1B7-42BF-AE9E-CEDCA4C13C54}"
EndProject
Project("{9A19103F-16F7-4668-BE54-9A1E7A4F7556}") = "Rainbow.MP.Controllers", "Rainbow.MP.Controllers\Rainbow.MP.Controllers.csproj", "{C0ACF602-9BC2-4DA1-BF2E-C57024FA240A}"
EndProject
Project("{2150E333-8FDC-42A3-9474-1A3956D46DE8}") = "Authorize", "Authorize", "{4AEEFEFC-BFCF-4E3A-A106-9F42482C2631}"
EndProject
Project("{9A19103F-16F7-4668-BE54-9A1E7A4F7556}") = "Rainbow.MP.Authorize", "Rainbow.MP.Authorize\Rainbow.MP.Authorize.csproj", "{68B04FAF-321C-430E-A38A-756EBD45B025}"
EndProject
Project("{9A19103F-16F7-4668-BE54-9A1E7A4F7556}") = "Rainbow.Platform.Authorize", "Rainbow.Platform.Authorize\Rainbow.Platform.Authorize.csproj", "{6F8EB3A1-8A12-4553-B925-CFE37A44D8FC}"
EndProject
Project("{E53339B2-1760-4266-BCC7-CA923CBCF16C}") = "docker-compose", "docker-compose.dcproj", "{5917D144-A7B1-45B6-AFC5-4B43B8DBD5C5}"
EndProject
Global
	GlobalSection(SolutionConfigurationPlatforms) = preSolution
		Debug|Any CPU = Debug|Any CPU
		Debug|x64 = Debug|x64
		Debug|x86 = Debug|x86
		Release|Any CPU = Release|Any CPU
		Release|x64 = Release|x64
		Release|x86 = Release|x86
	EndGlobalSection
	GlobalSection(ProjectConfigurationPlatforms) = postSolution
		{4449634E-42FF-4E06-A55E-2A4FBD29369E}.Debug|Any CPU.ActiveCfg = Debug|Any CPU
		{4449634E-42FF-4E06-A55E-2A4FBD29369E}.Debug|Any CPU.Build.0 = Debug|Any CPU
		{4449634E-42FF-4E06-A55E-2A4FBD29369E}.Debug|x64.ActiveCfg = Debug|Any CPU
		{4449634E-42FF-4E06-A55E-2A4FBD29369E}.Debug|x64.Build.0 = Debug|Any CPU
		{4449634E-42FF-4E06-A55E-2A4FBD29369E}.Debug|x86.ActiveCfg = Debug|Any CPU
		{4449634E-42FF-4E06-A55E-2A4FBD29369E}.Debug|x86.Build.0 = Debug|Any CPU
		{4449634E-42FF-4E06-A55E-2A4FBD29369E}.Release|Any CPU.ActiveCfg = Release|Any CPU
		{4449634E-42FF-4E06-A55E-2A4FBD29369E}.Release|Any CPU.Build.0 = Release|Any CPU
		{4449634E-42FF-4E06-A55E-2A4FBD29369E}.Release|x64.ActiveCfg = Release|Any CPU
		{4449634E-42FF-4E06-A55E-2A4FBD29369E}.Release|x64.Build.0 = Release|Any CPU
		{4449634E-42FF-4E06-A55E-2A4FBD29369E}.Release|x86.ActiveCfg = Release|Any CPU
		{4449634E-42FF-4E06-A55E-2A4FBD29369E}.Release|x86.Build.0 = Release|Any CPU
		{D6E65F5B-6FEF-4318-BC12-85FB431C7042}.Debug|Any CPU.ActiveCfg = Debug|Any CPU
		{D6E65F5B-6FEF-4318-BC12-85FB431C7042}.Debug|Any CPU.Build.0 = Debug|Any CPU
		{D6E65F5B-6FEF-4318-BC12-85FB431C7042}.Debug|x64.ActiveCfg = Debug|Any CPU
		{D6E65F5B-6FEF-4318-BC12-85FB431C7042}.Debug|x64.Build.0 = Debug|Any CPU
		{D6E65F5B-6FEF-4318-BC12-85FB431C7042}.Debug|x86.ActiveCfg = Debug|Any CPU
		{D6E65F5B-6FEF-4318-BC12-85FB431C7042}.Debug|x86.Build.0 = Debug|Any CPU
		{D6E65F5B-6FEF-4318-BC12-85FB431C7042}.Release|Any CPU.ActiveCfg = Release|Any CPU
		{D6E65F5B-6FEF-4318-BC12-85FB431C7042}.Release|Any CPU.Build.0 = Release|Any CPU
		{D6E65F5B-6FEF-4318-BC12-85FB431C7042}.Release|x64.ActiveCfg = Release|Any CPU
		{D6E65F5B-6FEF-4318-BC12-85FB431C7042}.Release|x64.Build.0 = Release|Any CPU
		{D6E65F5B-6FEF-4318-BC12-85FB431C7042}.Release|x86.ActiveCfg = Release|Any CPU
		{D6E65F5B-6FEF-4318-BC12-85FB431C7042}.Release|x86.Build.0 = Release|Any CPU
		{AD0BFF38-3CC5-488C-B788-406519228DE6}.Debug|Any CPU.ActiveCfg = Debug|Any CPU
		{AD0BFF38-3CC5-488C-B788-406519228DE6}.Debug|Any CPU.Build.0 = Debug|Any CPU
		{AD0BFF38-3CC5-488C-B788-406519228DE6}.Debug|x64.ActiveCfg = Debug|Any CPU
		{AD0BFF38-3CC5-488C-B788-406519228DE6}.Debug|x64.Build.0 = Debug|Any CPU
		{AD0BFF38-3CC5-488C-B788-406519228DE6}.Debug|x86.ActiveCfg = Debug|Any CPU
		{AD0BFF38-3CC5-488C-B788-406519228DE6}.Debug|x86.Build.0 = Debug|Any CPU
		{AD0BFF38-3CC5-488C-B788-406519228DE6}.Release|Any CPU.ActiveCfg = Release|Any CPU
		{AD0BFF38-3CC5-488C-B788-406519228DE6}.Release|Any CPU.Build.0 = Release|Any CPU
		{AD0BFF38-3CC5-488C-B788-406519228DE6}.Release|x64.ActiveCfg = Release|Any CPU
		{AD0BFF38-3CC5-488C-B788-406519228DE6}.Release|x64.Build.0 = Release|Any CPU
		{AD0BFF38-3CC5-488C-B788-406519228DE6}.Release|x86.ActiveCfg = Release|Any CPU
		{AD0BFF38-3CC5-488C-B788-406519228DE6}.Release|x86.Build.0 = Release|Any CPU
		{19150E34-6433-4CDC-BD79-864BC7CB2715}.Debug|Any CPU.ActiveCfg = Debug|Any CPU
		{19150E34-6433-4CDC-BD79-864BC7CB2715}.Debug|Any CPU.Build.0 = Debug|Any CPU
		{19150E34-6433-4CDC-BD79-864BC7CB2715}.Debug|x64.ActiveCfg = Debug|Any CPU
		{19150E34-6433-4CDC-BD79-864BC7CB2715}.Debug|x64.Build.0 = Debug|Any CPU
		{19150E34-6433-4CDC-BD79-864BC7CB2715}.Debug|x86.ActiveCfg = Debug|Any CPU
		{19150E34-6433-4CDC-BD79-864BC7CB2715}.Debug|x86.Build.0 = Debug|Any CPU
		{19150E34-6433-4CDC-BD79-864BC7CB2715}.Release|Any CPU.ActiveCfg = Release|Any CPU
		{19150E34-6433-4CDC-BD79-864BC7CB2715}.Release|Any CPU.Build.0 = Release|Any CPU
		{19150E34-6433-4CDC-BD79-864BC7CB2715}.Release|x64.ActiveCfg = Release|Any CPU
		{19150E34-6433-4CDC-BD79-864BC7CB2715}.Release|x64.Build.0 = Release|Any CPU
		{19150E34-6433-4CDC-BD79-864BC7CB2715}.Release|x86.ActiveCfg = Release|Any CPU
		{19150E34-6433-4CDC-BD79-864BC7CB2715}.Release|x86.Build.0 = Release|Any CPU
		{50AAEC28-749B-4891-8892-BBF7C6392C05}.Debug|Any CPU.ActiveCfg = Debug|Any CPU
		{50AAEC28-749B-4891-8892-BBF7C6392C05}.Debug|Any CPU.Build.0 = Debug|Any CPU
		{50AAEC28-749B-4891-8892-BBF7C6392C05}.Debug|x64.ActiveCfg = Debug|Any CPU
		{50AAEC28-749B-4891-8892-BBF7C6392C05}.Debug|x64.Build.0 = Debug|Any CPU
		{50AAEC28-749B-4891-8892-BBF7C6392C05}.Debug|x86.ActiveCfg = Debug|Any CPU
		{50AAEC28-749B-4891-8892-BBF7C6392C05}.Debug|x86.Build.0 = Debug|Any CPU
		{50AAEC28-749B-4891-8892-BBF7C6392C05}.Release|Any CPU.ActiveCfg = Release|Any CPU
		{50AAEC28-749B-4891-8892-BBF7C6392C05}.Release|Any CPU.Build.0 = Release|Any CPU
		{50AAEC28-749B-4891-8892-BBF7C6392C05}.Release|x64.ActiveCfg = Release|Any CPU
		{50AAEC28-749B-4891-8892-BBF7C6392C05}.Release|x64.Build.0 = Release|Any CPU
		{50AAEC28-749B-4891-8892-BBF7C6392C05}.Release|x86.ActiveCfg = Release|Any CPU
		{50AAEC28-749B-4891-8892-BBF7C6392C05}.Release|x86.Build.0 = Release|Any CPU
		{93B8F3B2-A268-4993-B199-B7E6BA110F10}.Debug|Any CPU.ActiveCfg = Debug|Any CPU
		{93B8F3B2-A268-4993-B199-B7E6BA110F10}.Debug|Any CPU.Build.0 = Debug|Any CPU
		{93B8F3B2-A268-4993-B199-B7E6BA110F10}.Debug|x64.ActiveCfg = Debug|Any CPU
		{93B8F3B2-A268-4993-B199-B7E6BA110F10}.Debug|x64.Build.0 = Debug|Any CPU
		{93B8F3B2-A268-4993-B199-B7E6BA110F10}.Debug|x86.ActiveCfg = Debug|Any CPU
		{93B8F3B2-A268-4993-B199-B7E6BA110F10}.Debug|x86.Build.0 = Debug|Any CPU
		{93B8F3B2-A268-4993-B199-B7E6BA110F10}.Release|Any CPU.ActiveCfg = Release|Any CPU
		{93B8F3B2-A268-4993-B199-B7E6BA110F10}.Release|Any CPU.Build.0 = Release|Any CPU
		{93B8F3B2-A268-4993-B199-B7E6BA110F10}.Release|x64.ActiveCfg = Release|Any CPU
		{93B8F3B2-A268-4993-B199-B7E6BA110F10}.Release|x64.Build.0 = Release|Any CPU
		{93B8F3B2-A268-4993-B199-B7E6BA110F10}.Release|x86.ActiveCfg = Release|Any CPU
		{93B8F3B2-A268-4993-B199-B7E6BA110F10}.Release|x86.Build.0 = Release|Any CPU
		{F7E452B2-056F-4271-BEA0-D406D2B077A9}.Debug|Any CPU.ActiveCfg = Debug|Any CPU
		{F7E452B2-056F-4271-BEA0-D406D2B077A9}.Debug|Any CPU.Build.0 = Debug|Any CPU
		{F7E452B2-056F-4271-BEA0-D406D2B077A9}.Debug|x64.ActiveCfg = Debug|Any CPU
		{F7E452B2-056F-4271-BEA0-D406D2B077A9}.Debug|x64.Build.0 = Debug|Any CPU
		{F7E452B2-056F-4271-BEA0-D406D2B077A9}.Debug|x86.ActiveCfg = Debug|Any CPU
		{F7E452B2-056F-4271-BEA0-D406D2B077A9}.Debug|x86.Build.0 = Debug|Any CPU
		{F7E452B2-056F-4271-BEA0-D406D2B077A9}.Release|Any CPU.ActiveCfg = Release|Any CPU
		{F7E452B2-056F-4271-BEA0-D406D2B077A9}.Release|Any CPU.Build.0 = Release|Any CPU
		{F7E452B2-056F-4271-BEA0-D406D2B077A9}.Release|x64.ActiveCfg = Release|Any CPU
		{F7E452B2-056F-4271-BEA0-D406D2B077A9}.Release|x64.Build.0 = Release|Any CPU
		{F7E452B2-056F-4271-BEA0-D406D2B077A9}.Release|x86.ActiveCfg = Release|Any CPU
		{F7E452B2-056F-4271-BEA0-D406D2B077A9}.Release|x86.Build.0 = Release|Any CPU
		{FAFBB341-8695-45D5-9851-4AD34EF7108B}.Debug|Any CPU.ActiveCfg = Debug|Any CPU
		{FAFBB341-8695-45D5-9851-4AD34EF7108B}.Debug|Any CPU.Build.0 = Debug|Any CPU
		{FAFBB341-8695-45D5-9851-4AD34EF7108B}.Debug|x64.ActiveCfg = Debug|Any CPU
		{FAFBB341-8695-45D5-9851-4AD34EF7108B}.Debug|x64.Build.0 = Debug|Any CPU
		{FAFBB341-8695-45D5-9851-4AD34EF7108B}.Debug|x86.ActiveCfg = Debug|Any CPU
		{FAFBB341-8695-45D5-9851-4AD34EF7108B}.Debug|x86.Build.0 = Debug|Any CPU
		{FAFBB341-8695-45D5-9851-4AD34EF7108B}.Release|Any CPU.ActiveCfg = Release|Any CPU
		{FAFBB341-8695-45D5-9851-4AD34EF7108B}.Release|Any CPU.Build.0 = Release|Any CPU
		{FAFBB341-8695-45D5-9851-4AD34EF7108B}.Release|x64.ActiveCfg = Release|Any CPU
		{FAFBB341-8695-45D5-9851-4AD34EF7108B}.Release|x64.Build.0 = Release|Any CPU
		{FAFBB341-8695-45D5-9851-4AD34EF7108B}.Release|x86.ActiveCfg = Release|Any CPU
		{FAFBB341-8695-45D5-9851-4AD34EF7108B}.Release|x86.Build.0 = Release|Any CPU
		{23A56DFE-82FE-4896-84B5-7B26D4C06E0F}.Debug|Any CPU.ActiveCfg = Debug|Any CPU
		{23A56DFE-82FE-4896-84B5-7B26D4C06E0F}.Debug|Any CPU.Build.0 = Debug|Any CPU
		{23A56DFE-82FE-4896-84B5-7B26D4C06E0F}.Debug|x64.ActiveCfg = Debug|Any CPU
		{23A56DFE-82FE-4896-84B5-7B26D4C06E0F}.Debug|x64.Build.0 = Debug|Any CPU
		{23A56DFE-82FE-4896-84B5-7B26D4C06E0F}.Debug|x86.ActiveCfg = Debug|Any CPU
		{23A56DFE-82FE-4896-84B5-7B26D4C06E0F}.Debug|x86.Build.0 = Debug|Any CPU
		{23A56DFE-82FE-4896-84B5-7B26D4C06E0F}.Release|Any CPU.ActiveCfg = Release|Any CPU
		{23A56DFE-82FE-4896-84B5-7B26D4C06E0F}.Release|Any CPU.Build.0 = Release|Any CPU
		{23A56DFE-82FE-4896-84B5-7B26D4C06E0F}.Release|x64.ActiveCfg = Release|Any CPU
		{23A56DFE-82FE-4896-84B5-7B26D4C06E0F}.Release|x64.Build.0 = Release|Any CPU
		{23A56DFE-82FE-4896-84B5-7B26D4C06E0F}.Release|x86.ActiveCfg = Release|Any CPU
		{23A56DFE-82FE-4896-84B5-7B26D4C06E0F}.Release|x86.Build.0 = Release|Any CPU
		{74F1FA6F-1132-48F3-B478-877689620985}.Debug|Any CPU.ActiveCfg = Debug|Any CPU
		{74F1FA6F-1132-48F3-B478-877689620985}.Debug|Any CPU.Build.0 = Debug|Any CPU
		{74F1FA6F-1132-48F3-B478-877689620985}.Debug|x64.ActiveCfg = Debug|Any CPU
		{74F1FA6F-1132-48F3-B478-877689620985}.Debug|x64.Build.0 = Debug|Any CPU
		{74F1FA6F-1132-48F3-B478-877689620985}.Debug|x86.ActiveCfg = Debug|Any CPU
		{74F1FA6F-1132-48F3-B478-877689620985}.Debug|x86.Build.0 = Debug|Any CPU
		{74F1FA6F-1132-48F3-B478-877689620985}.Release|Any CPU.ActiveCfg = Release|Any CPU
		{74F1FA6F-1132-48F3-B478-877689620985}.Release|Any CPU.Build.0 = Release|Any CPU
		{74F1FA6F-1132-48F3-B478-877689620985}.Release|x64.ActiveCfg = Release|Any CPU
		{74F1FA6F-1132-48F3-B478-877689620985}.Release|x64.Build.0 = Release|Any CPU
		{74F1FA6F-1132-48F3-B478-877689620985}.Release|x86.ActiveCfg = Release|Any CPU
		{74F1FA6F-1132-48F3-B478-877689620985}.Release|x86.Build.0 = Release|Any CPU
		{EC7AF649-A651-452F-9A9B-BFB4D38FBD86}.Debug|Any CPU.ActiveCfg = Debug|Any CPU
		{EC7AF649-A651-452F-9A9B-BFB4D38FBD86}.Debug|Any CPU.Build.0 = Debug|Any CPU
		{EC7AF649-A651-452F-9A9B-BFB4D38FBD86}.Debug|x64.ActiveCfg = Debug|Any CPU
		{EC7AF649-A651-452F-9A9B-BFB4D38FBD86}.Debug|x64.Build.0 = Debug|Any CPU
		{EC7AF649-A651-452F-9A9B-BFB4D38FBD86}.Debug|x86.ActiveCfg = Debug|Any CPU
		{EC7AF649-A651-452F-9A9B-BFB4D38FBD86}.Debug|x86.Build.0 = Debug|Any CPU
		{EC7AF649-A651-452F-9A9B-BFB4D38FBD86}.Release|Any CPU.ActiveCfg = Release|Any CPU
		{EC7AF649-A651-452F-9A9B-BFB4D38FBD86}.Release|Any CPU.Build.0 = Release|Any CPU
		{EC7AF649-A651-452F-9A9B-BFB4D38FBD86}.Release|x64.ActiveCfg = Release|Any CPU
		{EC7AF649-A651-452F-9A9B-BFB4D38FBD86}.Release|x64.Build.0 = Release|Any CPU
		{EC7AF649-A651-452F-9A9B-BFB4D38FBD86}.Release|x86.ActiveCfg = Release|Any CPU
		{EC7AF649-A651-452F-9A9B-BFB4D38FBD86}.Release|x86.Build.0 = Release|Any CPU
		{2CC90343-9124-449D-AF48-096F1B4B21EF}.Debug|Any CPU.ActiveCfg = Debug|Any CPU
		{2CC90343-9124-449D-AF48-096F1B4B21EF}.Debug|Any CPU.Build.0 = Debug|Any CPU
		{2CC90343-9124-449D-AF48-096F1B4B21EF}.Debug|x64.ActiveCfg = Debug|Any CPU
		{2CC90343-9124-449D-AF48-096F1B4B21EF}.Debug|x64.Build.0 = Debug|Any CPU
		{2CC90343-9124-449D-AF48-096F1B4B21EF}.Debug|x86.ActiveCfg = Debug|Any CPU
		{2CC90343-9124-449D-AF48-096F1B4B21EF}.Debug|x86.Build.0 = Debug|Any CPU
		{2CC90343-9124-449D-AF48-096F1B4B21EF}.Release|Any CPU.ActiveCfg = Release|Any CPU
		{2CC90343-9124-449D-AF48-096F1B4B21EF}.Release|Any CPU.Build.0 = Release|Any CPU
		{2CC90343-9124-449D-AF48-096F1B4B21EF}.Release|x64.ActiveCfg = Release|Any CPU
		{2CC90343-9124-449D-AF48-096F1B4B21EF}.Release|x64.Build.0 = Release|Any CPU
		{2CC90343-9124-449D-AF48-096F1B4B21EF}.Release|x86.ActiveCfg = Release|Any CPU
		{2CC90343-9124-449D-AF48-096F1B4B21EF}.Release|x86.Build.0 = Release|Any CPU
		{7DAD94F4-A7F4-4B1B-8D89-6C88B1414CDD}.Debug|Any CPU.ActiveCfg = Debug|Any CPU
		{7DAD94F4-A7F4-4B1B-8D89-6C88B1414CDD}.Debug|Any CPU.Build.0 = Debug|Any CPU
		{7DAD94F4-A7F4-4B1B-8D89-6C88B1414CDD}.Debug|x64.ActiveCfg = Debug|Any CPU
		{7DAD94F4-A7F4-4B1B-8D89-6C88B1414CDD}.Debug|x64.Build.0 = Debug|Any CPU
		{7DAD94F4-A7F4-4B1B-8D89-6C88B1414CDD}.Debug|x86.ActiveCfg = Debug|Any CPU
		{7DAD94F4-A7F4-4B1B-8D89-6C88B1414CDD}.Debug|x86.Build.0 = Debug|Any CPU
		{7DAD94F4-A7F4-4B1B-8D89-6C88B1414CDD}.Release|Any CPU.ActiveCfg = Release|Any CPU
		{7DAD94F4-A7F4-4B1B-8D89-6C88B1414CDD}.Release|Any CPU.Build.0 = Release|Any CPU
		{7DAD94F4-A7F4-4B1B-8D89-6C88B1414CDD}.Release|x64.ActiveCfg = Release|Any CPU
		{7DAD94F4-A7F4-4B1B-8D89-6C88B1414CDD}.Release|x64.Build.0 = Release|Any CPU
		{7DAD94F4-A7F4-4B1B-8D89-6C88B1414CDD}.Release|x86.ActiveCfg = Release|Any CPU
		{7DAD94F4-A7F4-4B1B-8D89-6C88B1414CDD}.Release|x86.Build.0 = Release|Any CPU
		{B6B29476-B1CB-4A60-B416-CBBAFCF01306}.Debug|Any CPU.ActiveCfg = Debug|Any CPU
		{B6B29476-B1CB-4A60-B416-CBBAFCF01306}.Debug|Any CPU.Build.0 = Debug|Any CPU
		{B6B29476-B1CB-4A60-B416-CBBAFCF01306}.Debug|x64.ActiveCfg = Debug|Any CPU
		{B6B29476-B1CB-4A60-B416-CBBAFCF01306}.Debug|x64.Build.0 = Debug|Any CPU
		{B6B29476-B1CB-4A60-B416-CBBAFCF01306}.Debug|x86.ActiveCfg = Debug|Any CPU
		{B6B29476-B1CB-4A60-B416-CBBAFCF01306}.Debug|x86.Build.0 = Debug|Any CPU
		{B6B29476-B1CB-4A60-B416-CBBAFCF01306}.Release|Any CPU.ActiveCfg = Release|Any CPU
		{B6B29476-B1CB-4A60-B416-CBBAFCF01306}.Release|Any CPU.Build.0 = Release|Any CPU
		{B6B29476-B1CB-4A60-B416-CBBAFCF01306}.Release|x64.ActiveCfg = Release|Any CPU
		{B6B29476-B1CB-4A60-B416-CBBAFCF01306}.Release|x64.Build.0 = Release|Any CPU
		{B6B29476-B1CB-4A60-B416-CBBAFCF01306}.Release|x86.ActiveCfg = Release|Any CPU
		{B6B29476-B1CB-4A60-B416-CBBAFCF01306}.Release|x86.Build.0 = Release|Any CPU
		{D232E074-C1B7-42BF-AE9E-CEDCA4C13C54}.Debug|Any CPU.ActiveCfg = Debug|Any CPU
		{D232E074-C1B7-42BF-AE9E-CEDCA4C13C54}.Debug|Any CPU.Build.0 = Debug|Any CPU
		{D232E074-C1B7-42BF-AE9E-CEDCA4C13C54}.Debug|x64.ActiveCfg = Debug|Any CPU
		{D232E074-C1B7-42BF-AE9E-CEDCA4C13C54}.Debug|x64.Build.0 = Debug|Any CPU
		{D232E074-C1B7-42BF-AE9E-CEDCA4C13C54}.Debug|x86.ActiveCfg = Debug|Any CPU
		{D232E074-C1B7-42BF-AE9E-CEDCA4C13C54}.Debug|x86.Build.0 = Debug|Any CPU
		{D232E074-C1B7-42BF-AE9E-CEDCA4C13C54}.Release|Any CPU.ActiveCfg = Release|Any CPU
		{D232E074-C1B7-42BF-AE9E-CEDCA4C13C54}.Release|Any CPU.Build.0 = Release|Any CPU
		{D232E074-C1B7-42BF-AE9E-CEDCA4C13C54}.Release|x64.ActiveCfg = Release|Any CPU
		{D232E074-C1B7-42BF-AE9E-CEDCA4C13C54}.Release|x64.Build.0 = Release|Any CPU
		{D232E074-C1B7-42BF-AE9E-CEDCA4C13C54}.Release|x86.ActiveCfg = Release|Any CPU
		{D232E074-C1B7-42BF-AE9E-CEDCA4C13C54}.Release|x86.Build.0 = Release|Any CPU
		{C0ACF602-9BC2-4DA1-BF2E-C57024FA240A}.Debug|Any CPU.ActiveCfg = Debug|Any CPU
		{C0ACF602-9BC2-4DA1-BF2E-C57024FA240A}.Debug|Any CPU.Build.0 = Debug|Any CPU
		{C0ACF602-9BC2-4DA1-BF2E-C57024FA240A}.Debug|x64.ActiveCfg = Debug|Any CPU
		{C0ACF602-9BC2-4DA1-BF2E-C57024FA240A}.Debug|x64.Build.0 = Debug|Any CPU
		{C0ACF602-9BC2-4DA1-BF2E-C57024FA240A}.Debug|x86.ActiveCfg = Debug|Any CPU
		{C0ACF602-9BC2-4DA1-BF2E-C57024FA240A}.Debug|x86.Build.0 = Debug|Any CPU
		{C0ACF602-9BC2-4DA1-BF2E-C57024FA240A}.Release|Any CPU.ActiveCfg = Release|Any CPU
		{C0ACF602-9BC2-4DA1-BF2E-C57024FA240A}.Release|Any CPU.Build.0 = Release|Any CPU
		{C0ACF602-9BC2-4DA1-BF2E-C57024FA240A}.Release|x64.ActiveCfg = Release|Any CPU
		{C0ACF602-9BC2-4DA1-BF2E-C57024FA240A}.Release|x64.Build.0 = Release|Any CPU
		{C0ACF602-9BC2-4DA1-BF2E-C57024FA240A}.Release|x86.ActiveCfg = Release|Any CPU
		{C0ACF602-9BC2-4DA1-BF2E-C57024FA240A}.Release|x86.Build.0 = Release|Any CPU
		{68B04FAF-321C-430E-A38A-756EBD45B025}.Debug|Any CPU.ActiveCfg = Debug|Any CPU
		{68B04FAF-321C-430E-A38A-756EBD45B025}.Debug|Any CPU.Build.0 = Debug|Any CPU
		{68B04FAF-321C-430E-A38A-756EBD45B025}.Debug|x64.ActiveCfg = Debug|Any CPU
		{68B04FAF-321C-430E-A38A-756EBD45B025}.Debug|x64.Build.0 = Debug|Any CPU
		{68B04FAF-321C-430E-A38A-756EBD45B025}.Debug|x86.ActiveCfg = Debug|Any CPU
		{68B04FAF-321C-430E-A38A-756EBD45B025}.Debug|x86.Build.0 = Debug|Any CPU
		{68B04FAF-321C-430E-A38A-756EBD45B025}.Release|Any CPU.ActiveCfg = Release|Any CPU
		{68B04FAF-321C-430E-A38A-756EBD45B025}.Release|Any CPU.Build.0 = Release|Any CPU
		{68B04FAF-321C-430E-A38A-756EBD45B025}.Release|x64.ActiveCfg = Release|Any CPU
		{68B04FAF-321C-430E-A38A-756EBD45B025}.Release|x64.Build.0 = Release|Any CPU
		{68B04FAF-321C-430E-A38A-756EBD45B025}.Release|x86.ActiveCfg = Release|Any CPU
		{68B04FAF-321C-430E-A38A-756EBD45B025}.Release|x86.Build.0 = Release|Any CPU
		{6F8EB3A1-8A12-4553-B925-CFE37A44D8FC}.Debug|Any CPU.ActiveCfg = Debug|Any CPU
		{6F8EB3A1-8A12-4553-B925-CFE37A44D8FC}.Debug|Any CPU.Build.0 = Debug|Any CPU
		{6F8EB3A1-8A12-4553-B925-CFE37A44D8FC}.Debug|x64.ActiveCfg = Debug|Any CPU
		{6F8EB3A1-8A12-4553-B925-CFE37A44D8FC}.Debug|x64.Build.0 = Debug|Any CPU
		{6F8EB3A1-8A12-4553-B925-CFE37A44D8FC}.Debug|x86.ActiveCfg = Debug|Any CPU
		{6F8EB3A1-8A12-4553-B925-CFE37A44D8FC}.Debug|x86.Build.0 = Debug|Any CPU
		{6F8EB3A1-8A12-4553-B925-CFE37A44D8FC}.Release|Any CPU.ActiveCfg = Release|Any CPU
		{6F8EB3A1-8A12-4553-B925-CFE37A44D8FC}.Release|Any CPU.Build.0 = Release|Any CPU
		{6F8EB3A1-8A12-4553-B925-CFE37A44D8FC}.Release|x64.ActiveCfg = Release|Any CPU
		{6F8EB3A1-8A12-4553-B925-CFE37A44D8FC}.Release|x64.Build.0 = Release|Any CPU
		{6F8EB3A1-8A12-4553-B925-CFE37A44D8FC}.Release|x86.ActiveCfg = Release|Any CPU
		{6F8EB3A1-8A12-4553-B925-CFE37A44D8FC}.Release|x86.Build.0 = Release|Any CPU
		{5917D144-A7B1-45B6-AFC5-4B43B8DBD5C5}.Debug|Any CPU.ActiveCfg = Debug|Any CPU
		{5917D144-A7B1-45B6-AFC5-4B43B8DBD5C5}.Debug|Any CPU.Build.0 = Debug|Any CPU
		{5917D144-A7B1-45B6-AFC5-4B43B8DBD5C5}.Debug|x64.ActiveCfg = Debug|Any CPU
		{5917D144-A7B1-45B6-AFC5-4B43B8DBD5C5}.Debug|x64.Build.0 = Debug|Any CPU
		{5917D144-A7B1-45B6-AFC5-4B43B8DBD5C5}.Debug|x86.ActiveCfg = Debug|Any CPU
		{5917D144-A7B1-45B6-AFC5-4B43B8DBD5C5}.Debug|x86.Build.0 = Debug|Any CPU
		{5917D144-A7B1-45B6-AFC5-4B43B8DBD5C5}.Release|Any CPU.ActiveCfg = Release|Any CPU
		{5917D144-A7B1-45B6-AFC5-4B43B8DBD5C5}.Release|Any CPU.Build.0 = Release|Any CPU
		{5917D144-A7B1-45B6-AFC5-4B43B8DBD5C5}.Release|x64.ActiveCfg = Release|Any CPU
		{5917D144-A7B1-45B6-AFC5-4B43B8DBD5C5}.Release|x64.Build.0 = Release|Any CPU
		{5917D144-A7B1-45B6-AFC5-4B43B8DBD5C5}.Release|x86.ActiveCfg = Release|Any CPU
		{5917D144-A7B1-45B6-AFC5-4B43B8DBD5C5}.Release|x86.Build.0 = Release|Any CPU
	EndGlobalSection
	GlobalSection(SolutionProperties) = preSolution
		HideSolutionNode = FALSE
	EndGlobalSection
	GlobalSection(NestedProjects) = preSolution
		{4449634E-42FF-4E06-A55E-2A4FBD29369E} = {D85130B4-8AC8-4DAC-83E3-E3BBDC7DCE61}
		{FAFBB341-8695-45D5-9851-4AD34EF7108B} = {819CD9D1-E6C2-462D-BE57-2B461EB876DF}
		{23A56DFE-82FE-4896-84B5-7B26D4C06E0F} = {819CD9D1-E6C2-462D-BE57-2B461EB876DF}
		{74F1FA6F-1132-48F3-B478-877689620985} = {D85130B4-8AC8-4DAC-83E3-E3BBDC7DCE61}
		{EC7AF649-A651-452F-9A9B-BFB4D38FBD86} = {4FC89F8C-97B2-4AC5-B5B5-DFA7AF889282}
		{2CC90343-9124-449D-AF48-096F1B4B21EF} = {4FC89F8C-97B2-4AC5-B5B5-DFA7AF889282}
		{7DAD94F4-A7F4-4B1B-8D89-6C88B1414CDD} = {4FC89F8C-97B2-4AC5-B5B5-DFA7AF889282}
		{B6B29476-B1CB-4A60-B416-CBBAFCF01306} = {4FC89F8C-97B2-4AC5-B5B5-DFA7AF889282}
		{D232E074-C1B7-42BF-AE9E-CEDCA4C13C54} = {D85130B4-8AC8-4DAC-83E3-E3BBDC7DCE61}
		{C0ACF602-9BC2-4DA1-BF2E-C57024FA240A} = {D85130B4-8AC8-4DAC-83E3-E3BBDC7DCE61}
		{68B04FAF-321C-430E-A38A-756EBD45B025} = {4AEEFEFC-BFCF-4E3A-A106-9F42482C2631}
		{6F8EB3A1-8A12-4553-B925-CFE37A44D8FC} = {4AEEFEFC-BFCF-4E3A-A106-9F42482C2631}
	EndGlobalSection
	GlobalSection(ExtensibilityGlobals) = postSolution
		SolutionGuid = {EFCA0AB5-DA8E-41D9-8E7A-DDCB7DD6D4EF}
	EndGlobalSection
EndGlobal
