
Microsoft Visual Studio Solution File, Format Version 12.00
# Visual Studio Version 16
VisualStudioVersion = 16.0.28922.388
MinimumVisualStudioVersion = 15.0.26124.0
Project("{9A19103F-16F7-4668-BE54-9A1E7A4F7556}") = "Rainbow.Identity.WebAPI", "Rainbow.Identity.WebAPI\Rainbow.Identity.WebAPI.csproj", "{C9E70C75-B025-428F-88E7-05A6AA3B3FDE}"
EndProject
Project("{9A19103F-16F7-4668-BE54-9A1E7A4F7556}") = "Rainbow.Common", "Rainbow.Common\Rainbow.Common.csproj", "{D6E65F5B-6FEF-4318-BC12-85FB431C7042}"
EndProject
Project("{9A19103F-16F7-4668-BE54-9A1E7A4F7556}") = "Rainbow.Data", "Rainbow.Data\Rainbow.Data.csproj", "{AD0BFF38-3CC5-488C-B788-406519228DE6}"
EndProject
Project("{9A19103F-16F7-4668-BE54-9A1E7A4F7556}") = "Rainbow.Models", "Rainbow.Models\Rainbow.Models.csproj", "{19150E34-6433-4CDC-BD79-864BC7CB2715}"
EndProject
Project("{9A19103F-16F7-4668-BE54-9A1E7A4F7556}") = "Rainbow.Services", "Rainbow.Services\Rainbow.Services.csproj", "{50AAEC28-749B-4891-8892-BBF7C6392C05}"
EndProject
Project("{9A19103F-16F7-4668-BE54-9A1E7A4F7556}") = "Rainbow.Services.Abstractions", "Rainbow.Services.Abstractions\Rainbow.Services.Abstractions.csproj", "{93B8F3B2-A268-4993-B199-B7E6BA110F10}"
EndProject
Project("{9A19103F-16F7-4668-BE54-9A1E7A4F7556}") = "Rainbow.ViewModels", "Rainbow.ViewModels\Rainbow.ViewModels.csproj", "{F7E452B2-056F-4271-BEA0-D406D2B077A9}"
EndProject
Project("{9A19103F-16F7-4668-BE54-9A1E7A4F7556}") = "Rainbow.EventHandlers", "Rainbow.EventHandlers\Rainbow.EventHandlers.csproj", "{FAFBB341-8695-45D5-9851-4AD34EF7108B}"
EndProject
Project("{9A19103F-16F7-4668-BE54-9A1E7A4F7556}") = "Rainbow.Events", "Rainbow.Events\Rainbow.Events.csproj", "{23A56DFE-82FE-4896-84B5-7B26D4C06E0F}"
EndProject
Project("{9A19103F-16F7-4668-BE54-9A1E7A4F7556}") = "Rainbow.Platform.Controllers", "Rainbow.Platform.Controllers\Rainbow.Platform.Controllers.csproj", "{74F1FA6F-1132-48F3-B478-877689620985}"
EndProject
Project("{2150E333-8FDC-42A3-9474-1A3956D46DE8}") = "Hosts", "Hosts", "{D85130B4-8AC8-4DAC-83E3-E3BBDC7DCE61}"
EndProject
Project("{9A19103F-16F7-4668-BE54-9A1E7A4F7556}") = "Rainbow.Platform.WebAPP", "Rainbow.Platform.WebAPP\Rainbow.Platform.WebAPP.csproj", "{4449634E-42FF-4E06-A55E-2A4FBD29369E}"
EndProject
Project("{2150E333-8FDC-42A3-9474-1A3956D46DE8}") = "TSGenerater", "TSGenerater", "{4FC89F8C-97B2-4AC5-B5B5-DFA7AF889282}"
EndProject
Project("{9A19103F-16F7-4668-BE54-9A1E7A4F7556}") = "TypeLite.Standard", "TypeLite.Standard\TypeLite.Standard.csproj", "{EC7AF649-A651-452F-9A9B-BFB4D38FBD86}"
EndProject
Project("{9A19103F-16F7-4668-BE54-9A1E7A4F7556}") = "Rainbow.TypeLiteConsoleApp", "Rainbow.TypeLiteConsoleApp\Rainbow.TypeLiteConsoleApp.csproj", "{2CC90343-9124-449D-AF48-096F1B4B21EF}"
EndProject
Project("{9A19103F-16F7-4668-BE54-9A1E7A4F7556}") = "Rainbow.Schemas", "Rainbow.Schemas\Rainbow.Schemas.csproj", "{C9433434-2021-4108-970C-4E62AC85DB91}"
EndProject
Project("{2150E333-8FDC-42A3-9474-1A3956D46DE8}") = "Events", "Events", "{819CD9D1-E6C2-462D-BE57-2B461EB876DF}"
EndProject
Global
	GlobalSection(SolutionConfigurationPlatforms) = preSolution
		Debug|Any CPU = Debug|Any CPU
		Debug|x64 = Debug|x64
		Debug|x86 = Debug|x86
		Release|Any CPU = Release|Any CPU
		Release|x64 = Release|x64
		Release|x86 = Release|x86
	EndGlobalSection
	GlobalSection(ProjectConfigurationPlatforms) = postSolution
		{C9E70C75-B025-428F-88E7-05A6AA3B3FDE}.Debug|Any CPU.ActiveCfg = Debug|Any CPU
		{C9E70C75-B025-428F-88E7-05A6AA3B3FDE}.Debug|Any CPU.Build.0 = Debug|Any CPU
		{C9E70C75-B025-428F-88E7-05A6AA3B3FDE}.Debug|x64.ActiveCfg = Debug|Any CPU
		{C9E70C75-B025-428F-88E7-05A6AA3B3FDE}.Debug|x64.Build.0 = Debug|Any CPU
		{C9E70C75-B025-428F-88E7-05A6AA3B3FDE}.Debug|x86.ActiveCfg = Debug|Any CPU
		{C9E70C75-B025-428F-88E7-05A6AA3B3FDE}.Debug|x86.Build.0 = Debug|Any CPU
		{C9E70C75-B025-428F-88E7-05A6AA3B3FDE}.Release|Any CPU.ActiveCfg = Release|Any CPU
		{C9E70C75-B025-428F-88E7-05A6AA3B3FDE}.Release|Any CPU.Build.0 = Release|Any CPU
		{C9E70C75-B025-428F-88E7-05A6AA3B3FDE}.Release|x64.ActiveCfg = Release|Any CPU
		{C9E70C75-B025-428F-88E7-05A6AA3B3FDE}.Release|x64.Build.0 = Release|Any CPU
		{C9E70C75-B025-428F-88E7-05A6AA3B3FDE}.Release|x86.ActiveCfg = Release|Any CPU
		{C9E70C75-B025-428F-88E7-05A6AA3B3FDE}.Release|x86.Build.0 = Release|Any CPU
		{D6E65F5B-6FEF-4318-BC12-85FB431C7042}.Debug|Any CPU.ActiveCfg = Debug|Any CPU
		{D6E65F5B-6FEF-4318-BC12-85FB431C7042}.Debug|Any CPU.Build.0 = Debug|Any CPU
		{D6E65F5B-6FEF-4318-BC12-85FB431C7042}.Debug|x64.ActiveCfg = Debug|Any CPU
		{D6E65F5B-6FEF-4318-BC12-85FB431C7042}.Debug|x64.Build.0 = Debug|Any CPU
		{D6E65F5B-6FEF-4318-BC12-85FB431C7042}.Debug|x86.ActiveCfg = Debug|Any CPU
		{D6E65F5B-6FEF-4318-BC12-85FB431C7042}.Debug|x86.Build.0 = Debug|Any CPU
		{D6E65F5B-6FEF-4318-BC12-85FB431C7042}.Release|Any CPU.ActiveCfg = Release|Any CPU
		{D6E65F5B-6FEF-4318-BC12-85FB431C7042}.Release|Any CPU.Build.0 = Release|Any CPU
		{D6E65F5B-6FEF-4318-BC12-85FB431C7042}.Release|x64.ActiveCfg = Release|Any CPU
		{D6E65F5B-6FEF-4318-BC12-85FB431C7042}.Release|x64.Build.0 = Release|Any CPU
		{D6E65F5B-6FEF-4318-BC12-85FB431C7042}.Release|x86.ActiveCfg = Release|Any CPU
		{D6E65F5B-6FEF-4318-BC12-85FB431C7042}.Release|x86.Build.0 = Release|Any CPU
		{AD0BFF38-3CC5-488C-B788-406519228DE6}.Debug|Any CPU.ActiveCfg = Debug|Any CPU
		{AD0BFF38-3CC5-488C-B788-406519228DE6}.Debug|Any CPU.Build.0 = Debug|Any CPU
		{AD0BFF38-3CC5-488C-B788-406519228DE6}.Debug|x64.ActiveCfg = Debug|Any CPU
		{AD0BFF38-3CC5-488C-B788-406519228DE6}.Debug|x64.Build.0 = Debug|Any CPU
		{AD0BFF38-3CC5-488C-B788-406519228DE6}.Debug|x86.ActiveCfg = Debug|Any CPU
		{AD0BFF38-3CC5-488C-B788-406519228DE6}.Debug|x86.Build.0 = Debug|Any CPU
		{AD0BFF38-3CC5-488C-B788-406519228DE6}.Release|Any CPU.ActiveCfg = Release|Any CPU
		{AD0BFF38-3CC5-488C-B788-406519228DE6}.Release|Any CPU.Build.0 = Release|Any CPU
		{AD0BFF38-3CC5-488C-B788-406519228DE6}.Release|x64.ActiveCfg = Release|Any CPU
		{AD0BFF38-3CC5-488C-B788-406519228DE6}.Release|x64.Build.0 = Release|Any CPU
		{AD0BFF38-3CC5-488C-B788-406519228DE6}.Release|x86.ActiveCfg = Release|Any CPU
		{AD0BFF38-3CC5-488C-B788-406519228DE6}.Release|x86.Build.0 = Release|Any CPU
		{19150E34-6433-4CDC-BD79-864BC7CB2715}.Debug|Any CPU.ActiveCfg = Debug|Any CPU
		{19150E34-6433-4CDC-BD79-864BC7CB2715}.Debug|Any CPU.Build.0 = Debug|Any CPU
		{19150E34-6433-4CDC-BD79-864BC7CB2715}.Debug|x64.ActiveCfg = Debug|Any CPU
		{19150E34-6433-4CDC-BD79-864BC7CB2715}.Debug|x64.Build.0 = Debug|Any CPU
		{19150E34-6433-4CDC-BD79-864BC7CB2715}.Debug|x86.ActiveCfg = Debug|Any CPU
		{19150E34-6433-4CDC-BD79-864BC7CB2715}.Debug|x86.Build.0 = Debug|Any CPU
		{19150E34-6433-4CDC-BD79-864BC7CB2715}.Release|Any CPU.ActiveCfg = Release|Any CPU
		{19150E34-6433-4CDC-BD79-864BC7CB2715}.Release|Any CPU.Build.0 = Release|Any CPU
		{19150E34-6433-4CDC-BD79-864BC7CB2715}.Release|x64.ActiveCfg = Release|Any CPU
		{19150E34-6433-4CDC-BD79-864BC7CB2715}.Release|x64.Build.0 = Release|Any CPU
		{19150E34-6433-4CDC-BD79-864BC7CB2715}.Release|x86.ActiveCfg = Release|Any CPU
		{19150E34-6433-4CDC-BD79-864BC7CB2715}.Release|x86.Build.0 = Release|Any CPU
		{50AAEC28-749B-4891-8892-BBF7C6392C05}.Debug|Any CPU.ActiveCfg = Debug|Any CPU
		{50AAEC28-749B-4891-8892-BBF7C6392C05}.Debug|Any CPU.Build.0 = Debug|Any CPU
		{50AAEC28-749B-4891-8892-BBF7C6392C05}.Debug|x64.ActiveCfg = Debug|Any CPU
		{50AAEC28-749B-4891-8892-BBF7C6392C05}.Debug|x64.Build.0 = Debug|Any CPU
		{50AAEC28-749B-4891-8892-BBF7C6392C05}.Debug|x86.ActiveCfg = Debug|Any CPU
		{50AAEC28-749B-4891-8892-BBF7C6392C05}.Debug|x86.Build.0 = Debug|Any CPU
		{50AAEC28-749B-4891-8892-BBF7C6392C05}.Release|Any CPU.ActiveCfg = Release|Any CPU
		{50AAEC28-749B-4891-8892-BBF7C6392C05}.Release|Any CPU.Build.0 = Release|Any CPU
		{50AAEC28-749B-4891-8892-BBF7C6392C05}.Release|x64.ActiveCfg = Release|Any CPU
		{50AAEC28-749B-4891-8892-BBF7C6392C05}.Release|x64.Build.0 = Release|Any CPU
		{50AAEC28-749B-4891-8892-BBF7C6392C05}.Release|x86.ActiveCfg = Release|Any CPU
		{50AAEC28-749B-4891-8892-BBF7C6392C05}.Release|x86.Build.0 = Release|Any CPU
		{93B8F3B2-A268-4993-B199-B7E6BA110F10}.Debug|Any CPU.ActiveCfg = Debug|Any CPU
		{93B8F3B2-A268-4993-B199-B7E6BA110F10}.Debug|Any CPU.Build.0 = Debug|Any CPU
		{93B8F3B2-A268-4993-B199-B7E6BA110F10}.Debug|x64.ActiveCfg = Debug|Any CPU
		{93B8F3B2-A268-4993-B199-B7E6BA110F10}.Debug|x64.Build.0 = Debug|Any CPU
		{93B8F3B2-A268-4993-B199-B7E6BA110F10}.Debug|x86.ActiveCfg = Debug|Any CPU
		{93B8F3B2-A268-4993-B199-B7E6BA110F10}.Debug|x86.Build.0 = Debug|Any CPU
		{93B8F3B2-A268-4993-B199-B7E6BA110F10}.Release|Any CPU.ActiveCfg = Release|Any CPU
		{93B8F3B2-A268-4993-B199-B7E6BA110F10}.Release|Any CPU.Build.0 = Release|Any CPU
		{93B8F3B2-A268-4993-B199-B7E6BA110F10}.Release|x64.ActiveCfg = Release|Any CPU
		{93B8F3B2-A268-4993-B199-B7E6BA110F10}.Release|x64.Build.0 = Release|Any CPU
		{93B8F3B2-A268-4993-B199-B7E6BA110F10}.Release|x86.ActiveCfg = Release|Any CPU
		{93B8F3B2-A268-4993-B199-B7E6BA110F10}.Release|x86.Build.0 = Release|Any CPU
		{F7E452B2-056F-4271-BEA0-D406D2B077A9}.Debug|Any CPU.ActiveCfg = Debug|Any CPU
		{F7E452B2-056F-4271-BEA0-D406D2B077A9}.Debug|Any CPU.Build.0 = Debug|Any CPU
		{F7E452B2-056F-4271-BEA0-D406D2B077A9}.Debug|x64.ActiveCfg = Debug|Any CPU
		{F7E452B2-056F-4271-BEA0-D406D2B077A9}.Debug|x64.Build.0 = Debug|Any CPU
		{F7E452B2-056F-4271-BEA0-D406D2B077A9}.Debug|x86.ActiveCfg = Debug|Any CPU
		{F7E452B2-056F-4271-BEA0-D406D2B077A9}.Debug|x86.Build.0 = Debug|Any CPU
		{F7E452B2-056F-4271-BEA0-D406D2B077A9}.Release|Any CPU.ActiveCfg = Release|Any CPU
		{F7E452B2-056F-4271-BEA0-D406D2B077A9}.Release|Any CPU.Build.0 = Release|Any CPU
		{F7E452B2-056F-4271-BEA0-D406D2B077A9}.Release|x64.ActiveCfg = Release|Any CPU
		{F7E452B2-056F-4271-BEA0-D406D2B077A9}.Release|x64.Build.0 = Release|Any CPU
		{F7E452B2-056F-4271-BEA0-D406D2B077A9}.Release|x86.ActiveCfg = Release|Any CPU
		{F7E452B2-056F-4271-BEA0-D406D2B077A9}.Release|x86.Build.0 = Release|Any CPU
		{FAFBB341-8695-45D5-9851-4AD34EF7108B}.Debug|Any CPU.ActiveCfg = Debug|Any CPU
		{FAFBB341-8695-45D5-9851-4AD34EF7108B}.Debug|Any CPU.Build.0 = Debug|Any CPU
		{FAFBB341-8695-45D5-9851-4AD34EF7108B}.Debug|x64.ActiveCfg = Debug|Any CPU
		{FAFBB341-8695-45D5-9851-4AD34EF7108B}.Debug|x64.Build.0 = Debug|Any CPU
		{FAFBB341-8695-45D5-9851-4AD34EF7108B}.Debug|x86.ActiveCfg = Debug|Any CPU
		{FAFBB341-8695-45D5-9851-4AD34EF7108B}.Debug|x86.Build.0 = Debug|Any CPU
		{FAFBB341-8695-45D5-9851-4AD34EF7108B}.Release|Any CPU.ActiveCfg = Release|Any CPU
		{FAFBB341-8695-45D5-9851-4AD34EF7108B}.Release|Any CPU.Build.0 = Release|Any CPU
		{FAFBB341-8695-45D5-9851-4AD34EF7108B}.Release|x64.ActiveCfg = Release|Any CPU
		{FAFBB341-8695-45D5-9851-4AD34EF7108B}.Release|x64.Build.0 = Release|Any CPU
		{FAFBB341-8695-45D5-9851-4AD34EF7108B}.Release|x86.ActiveCfg = Release|Any CPU
		{FAFBB341-8695-45D5-9851-4AD34EF7108B}.Release|x86.Build.0 = Release|Any CPU
		{23A56DFE-82FE-4896-84B5-7B26D4C06E0F}.Debug|Any CPU.ActiveCfg = Debug|Any CPU
		{23A56DFE-82FE-4896-84B5-7B26D4C06E0F}.Debug|Any CPU.Build.0 = Debug|Any CPU
		{23A56DFE-82FE-4896-84B5-7B26D4C06E0F}.Debug|x64.ActiveCfg = Debug|Any CPU
		{23A56DFE-82FE-4896-84B5-7B26D4C06E0F}.Debug|x64.Build.0 = Debug|Any CPU
		{23A56DFE-82FE-4896-84B5-7B26D4C06E0F}.Debug|x86.ActiveCfg = Debug|Any CPU
		{23A56DFE-82FE-4896-84B5-7B26D4C06E0F}.Debug|x86.Build.0 = Debug|Any CPU
		{23A56DFE-82FE-4896-84B5-7B26D4C06E0F}.Release|Any CPU.ActiveCfg = Release|Any CPU
		{23A56DFE-82FE-4896-84B5-7B26D4C06E0F}.Release|Any CPU.Build.0 = Release|Any CPU
		{23A56DFE-82FE-4896-84B5-7B26D4C06E0F}.Release|x64.ActiveCfg = Release|Any CPU
		{23A56DFE-82FE-4896-84B5-7B26D4C06E0F}.Release|x64.Build.0 = Release|Any CPU
		{23A56DFE-82FE-4896-84B5-7B26D4C06E0F}.Release|x86.ActiveCfg = Release|Any CPU
		{23A56DFE-82FE-4896-84B5-7B26D4C06E0F}.Release|x86.Build.0 = Release|Any CPU
		{74F1FA6F-1132-48F3-B478-877689620985}.Debug|Any CPU.ActiveCfg = Debug|Any CPU
		{74F1FA6F-1132-48F3-B478-877689620985}.Debug|Any CPU.Build.0 = Debug|Any CPU
		{74F1FA6F-1132-48F3-B478-877689620985}.Debug|x64.ActiveCfg = Debug|Any CPU
		{74F1FA6F-1132-48F3-B478-877689620985}.Debug|x64.Build.0 = Debug|Any CPU
		{74F1FA6F-1132-48F3-B478-877689620985}.Debug|x86.ActiveCfg = Debug|Any CPU
		{74F1FA6F-1132-48F3-B478-877689620985}.Debug|x86.Build.0 = Debug|Any CPU
		{74F1FA6F-1132-48F3-B478-877689620985}.Release|Any CPU.ActiveCfg = Release|Any CPU
		{74F1FA6F-1132-48F3-B478-877689620985}.Release|Any CPU.Build.0 = Release|Any CPU
		{74F1FA6F-1132-48F3-B478-877689620985}.Release|x64.ActiveCfg = Release|Any CPU
		{74F1FA6F-1132-48F3-B478-877689620985}.Release|x64.Build.0 = Release|Any CPU
		{74F1FA6F-1132-48F3-B478-877689620985}.Release|x86.ActiveCfg = Release|Any CPU
		{74F1FA6F-1132-48F3-B478-877689620985}.Release|x86.Build.0 = Release|Any CPU
		{4449634E-42FF-4E06-A55E-2A4FBD29369E}.Debug|Any CPU.ActiveCfg = Debug|Any CPU
		{4449634E-42FF-4E06-A55E-2A4FBD29369E}.Debug|Any CPU.Build.0 = Debug|Any CPU
		{4449634E-42FF-4E06-A55E-2A4FBD29369E}.Debug|x64.ActiveCfg = Debug|Any CPU
		{4449634E-42FF-4E06-A55E-2A4FBD29369E}.Debug|x64.Build.0 = Debug|Any CPU
		{4449634E-42FF-4E06-A55E-2A4FBD29369E}.Debug|x86.ActiveCfg = Debug|Any CPU
		{4449634E-42FF-4E06-A55E-2A4FBD29369E}.Debug|x86.Build.0 = Debug|Any CPU
		{4449634E-42FF-4E06-A55E-2A4FBD29369E}.Release|Any CPU.ActiveCfg = Release|Any CPU
		{4449634E-42FF-4E06-A55E-2A4FBD29369E}.Release|Any CPU.Build.0 = Release|Any CPU
		{4449634E-42FF-4E06-A55E-2A4FBD29369E}.Release|x64.ActiveCfg = Release|Any CPU
		{4449634E-42FF-4E06-A55E-2A4FBD29369E}.Release|x64.Build.0 = Release|Any CPU
		{4449634E-42FF-4E06-A55E-2A4FBD29369E}.Release|x86.ActiveCfg = Release|Any CPU
		{4449634E-42FF-4E06-A55E-2A4FBD29369E}.Release|x86.Build.0 = Release|Any CPU
		{EC7AF649-A651-452F-9A9B-BFB4D38FBD86}.Debug|Any CPU.ActiveCfg = Debug|Any CPU
		{EC7AF649-A651-452F-9A9B-BFB4D38FBD86}.Debug|Any CPU.Build.0 = Debug|Any CPU
		{EC7AF649-A651-452F-9A9B-BFB4D38FBD86}.Debug|x64.ActiveCfg = Debug|Any CPU
		{EC7AF649-A651-452F-9A9B-BFB4D38FBD86}.Debug|x64.Build.0 = Debug|Any CPU
		{EC7AF649-A651-452F-9A9B-BFB4D38FBD86}.Debug|x86.ActiveCfg = Debug|Any CPU
		{EC7AF649-A651-452F-9A9B-BFB4D38FBD86}.Debug|x86.Build.0 = Debug|Any CPU
		{EC7AF649-A651-452F-9A9B-BFB4D38FBD86}.Release|Any CPU.ActiveCfg = Release|Any CPU
		{EC7AF649-A651-452F-9A9B-BFB4D38FBD86}.Release|Any CPU.Build.0 = Release|Any CPU
		{EC7AF649-A651-452F-9A9B-BFB4D38FBD86}.Release|x64.ActiveCfg = Release|Any CPU
		{EC7AF649-A651-452F-9A9B-BFB4D38FBD86}.Release|x64.Build.0 = Release|Any CPU
		{EC7AF649-A651-452F-9A9B-BFB4D38FBD86}.Release|x86.ActiveCfg = Release|Any CPU
		{EC7AF649-A651-452F-9A9B-BFB4D38FBD86}.Release|x86.Build.0 = Release|Any CPU
		{2CC90343-9124-449D-AF48-096F1B4B21EF}.Debug|Any CPU.ActiveCfg = Debug|Any CPU
		{2CC90343-9124-449D-AF48-096F1B4B21EF}.Debug|Any CPU.Build.0 = Debug|Any CPU
		{2CC90343-9124-449D-AF48-096F1B4B21EF}.Debug|x64.ActiveCfg = Debug|Any CPU
		{2CC90343-9124-449D-AF48-096F1B4B21EF}.Debug|x64.Build.0 = Debug|Any CPU
		{2CC90343-9124-449D-AF48-096F1B4B21EF}.Debug|x86.ActiveCfg = Debug|Any CPU
		{2CC90343-9124-449D-AF48-096F1B4B21EF}.Debug|x86.Build.0 = Debug|Any CPU
		{2CC90343-9124-449D-AF48-096F1B4B21EF}.Release|Any CPU.ActiveCfg = Release|Any CPU
		{2CC90343-9124-449D-AF48-096F1B4B21EF}.Release|Any CPU.Build.0 = Release|Any CPU
		{2CC90343-9124-449D-AF48-096F1B4B21EF}.Release|x64.ActiveCfg = Release|Any CPU
		{2CC90343-9124-449D-AF48-096F1B4B21EF}.Release|x64.Build.0 = Release|Any CPU
		{2CC90343-9124-449D-AF48-096F1B4B21EF}.Release|x86.ActiveCfg = Release|Any CPU
		{2CC90343-9124-449D-AF48-096F1B4B21EF}.Release|x86.Build.0 = Release|Any CPU
		{C9433434-2021-4108-970C-4E62AC85DB91}.Debug|Any CPU.ActiveCfg = Debug|Any CPU
		{C9433434-2021-4108-970C-4E62AC85DB91}.Debug|Any CPU.Build.0 = Debug|Any CPU
		{C9433434-2021-4108-970C-4E62AC85DB91}.Debug|x64.ActiveCfg = Debug|Any CPU
		{C9433434-2021-4108-970C-4E62AC85DB91}.Debug|x64.Build.0 = Debug|Any CPU
		{C9433434-2021-4108-970C-4E62AC85DB91}.Debug|x86.ActiveCfg = Debug|Any CPU
		{C9433434-2021-4108-970C-4E62AC85DB91}.Debug|x86.Build.0 = Debug|Any CPU
		{C9433434-2021-4108-970C-4E62AC85DB91}.Release|Any CPU.ActiveCfg = Release|Any CPU
		{C9433434-2021-4108-970C-4E62AC85DB91}.Release|Any CPU.Build.0 = Release|Any CPU
		{C9433434-2021-4108-970C-4E62AC85DB91}.Release|x64.ActiveCfg = Release|Any CPU
		{C9433434-2021-4108-970C-4E62AC85DB91}.Release|x64.Build.0 = Release|Any CPU
		{C9433434-2021-4108-970C-4E62AC85DB91}.Release|x86.ActiveCfg = Release|Any CPU
		{C9433434-2021-4108-970C-4E62AC85DB91}.Release|x86.Build.0 = Release|Any CPU
	EndGlobalSection
	GlobalSection(SolutionProperties) = preSolution
		HideSolutionNode = FALSE
	EndGlobalSection
	GlobalSection(NestedProjects) = preSolution
		{C9E70C75-B025-428F-88E7-05A6AA3B3FDE} = {D85130B4-8AC8-4DAC-83E3-E3BBDC7DCE61}
		{FAFBB341-8695-45D5-9851-4AD34EF7108B} = {819CD9D1-E6C2-462D-BE57-2B461EB876DF}
		{23A56DFE-82FE-4896-84B5-7B26D4C06E0F} = {819CD9D1-E6C2-462D-BE57-2B461EB876DF}
		{74F1FA6F-1132-48F3-B478-877689620985} = {D85130B4-8AC8-4DAC-83E3-E3BBDC7DCE61}
		{4449634E-42FF-4E06-A55E-2A4FBD29369E} = {D85130B4-8AC8-4DAC-83E3-E3BBDC7DCE61}
		{EC7AF649-A651-452F-9A9B-BFB4D38FBD86} = {4FC89F8C-97B2-4AC5-B5B5-DFA7AF889282}
		{2CC90343-9124-449D-AF48-096F1B4B21EF} = {4FC89F8C-97B2-4AC5-B5B5-DFA7AF889282}
	EndGlobalSection
	GlobalSection(ExtensibilityGlobals) = postSolution
		SolutionGuid = {EFCA0AB5-DA8E-41D9-8E7A-DDCB7DD6D4EF}
	EndGlobalSection
EndGlobal
